// !$*UTF8*$!
{
	archiveVersion = 1;
	classes = {
	};
	objectVersion = 56;
	objects = {

/* Begin PBXBuildFile section */
		4A9E2A670AFDFB62582833D7 /* Pods_WebLinkApp_WebLinkAppUITests.framework in Frameworks */ = {isa = PBXBuildFile; fileRef = F755E9739B773524E389B42B /* Pods_WebLinkApp_WebLinkAppUITests.framework */; };
		660CCD422985232C00093B41 /* FirstThemeViewController.swift in Sources */ = {isa = PBXBuildFile; fileRef = 660CCD412985232C00093B41 /* FirstThemeViewController.swift */; };
		660CCD442985C32200093B41 /* SprashViewController.swift in Sources */ = {isa = PBXBuildFile; fileRef = 660CCD432985C32200093B41 /* SprashViewController.swift */; };
		6621390029840CFD00000959 /* AppDelegate.swift in Sources */ = {isa = PBXBuildFile; fileRef = 662138FF29840CFD00000959 /* AppDelegate.swift */; };
		6621390229840CFD00000959 /* SceneDelegate.swift in Sources */ = {isa = PBXBuildFile; fileRef = 6621390129840CFD00000959 /* SceneDelegate.swift */; };
		6621390429840CFD00000959 /* ViewController.swift in Sources */ = {isa = PBXBuildFile; fileRef = 6621390329840CFD00000959 /* ViewController.swift */; };
		6621390729840CFD00000959 /* Main.storyboard in Resources */ = {isa = PBXBuildFile; fileRef = 6621390529840CFD00000959 /* Main.storyboard */; };
		6621390929840CFE00000959 /* Assets.xcassets in Resources */ = {isa = PBXBuildFile; fileRef = 6621390829840CFE00000959 /* Assets.xcassets */; };
		6621390C29840CFE00000959 /* LaunchScreen.storyboard in Resources */ = {isa = PBXBuildFile; fileRef = 6621390A29840CFE00000959 /* LaunchScreen.storyboard */; };
		6621391729840CFE00000959 /* WebLinkAppTests.swift in Sources */ = {isa = PBXBuildFile; fileRef = 6621391629840CFE00000959 /* WebLinkAppTests.swift */; };
		6621392129840CFE00000959 /* WebLinkAppUITests.swift in Sources */ = {isa = PBXBuildFile; fileRef = 6621392029840CFE00000959 /* WebLinkAppUITests.swift */; };
		6621392329840CFE00000959 /* WebLinkAppUITestsLaunchTests.swift in Sources */ = {isa = PBXBuildFile; fileRef = 6621392229840CFE00000959 /* WebLinkAppUITestsLaunchTests.swift */; };
		6621393129840E8700000959 /* AddViewController.swift in Sources */ = {isa = PBXBuildFile; fileRef = 6621393029840E8700000959 /* AddViewController.swift */; };
		669BE9842989F67600BFF6FE /* ColorViewController.swift in Sources */ = {isa = PBXBuildFile; fileRef = 669BE9832989F67500BFF6FE /* ColorViewController.swift */; };
		669D682C298421B500B25E32 /* SecondViewController.swift in Sources */ = {isa = PBXBuildFile; fileRef = 669D682B298421B500B25E32 /* SecondViewController.swift */; };
		669D682E298421C900B25E32 /* ThirdViewController.swift in Sources */ = {isa = PBXBuildFile; fileRef = 669D682D298421C900B25E32 /* ThirdViewController.swift */; };
		669D6830298421E800B25E32 /* FourthViewController.swift in Sources */ = {isa = PBXBuildFile; fileRef = 669D682F298421E800B25E32 /* FourthViewController.swift */; };
		669D68322984220200B25E32 /* FifthViewController.swift in Sources */ = {isa = PBXBuildFile; fileRef = 669D68312984220200B25E32 /* FifthViewController.swift */; };
		669D6834298434F600B25E32 /* TabBarViewController.swift in Sources */ = {isa = PBXBuildFile; fileRef = 669D6833298434F600B25E32 /* TabBarViewController.swift */; };
		6C96EBAC8D188A74927009FC /* Pods_WebLinkApp.framework in Frameworks */ = {isa = PBXBuildFile; fileRef = B67A0F1D5DD66F9F68B06E46 /* Pods_WebLinkApp.framework */; };
		D4D4E5F296BE4BD19F28FF89 /* Pods_WebLinkAppTests.framework in Frameworks */ = {isa = PBXBuildFile; fileRef = 268BB55EBCF04ADEBEA3211A /* Pods_WebLinkAppTests.framework */; };
/* End PBXBuildFile section */

/* Begin PBXContainerItemProxy section */
		6621391329840CFE00000959 /* PBXContainerItemProxy */ = {
			isa = PBXContainerItemProxy;
			containerPortal = 662138F429840CFD00000959 /* Project object */;
			proxyType = 1;
			remoteGlobalIDString = 662138FB29840CFD00000959;
			remoteInfo = WebLinkApp;
		};
		6621391D29840CFE00000959 /* PBXContainerItemProxy */ = {
			isa = PBXContainerItemProxy;
			containerPortal = 662138F429840CFD00000959 /* Project object */;
			proxyType = 1;
			remoteGlobalIDString = 662138FB29840CFD00000959;
			remoteInfo = WebLinkApp;
		};
/* End PBXContainerItemProxy section */

/* Begin PBXFileReference section */
		268BB55EBCF04ADEBEA3211A /* Pods_WebLinkAppTests.framework */ = {isa = PBXFileReference; explicitFileType = wrapper.framework; includeInIndex = 0; path = Pods_WebLinkAppTests.framework; sourceTree = BUILT_PRODUCTS_DIR; };
		2E90D230080278E5FCE4A3EB /* Pods-WebLinkApp.release.xcconfig */ = {isa = PBXFileReference; includeInIndex = 1; lastKnownFileType = text.xcconfig; name = "Pods-WebLinkApp.release.xcconfig"; path = "Target Support Files/Pods-WebLinkApp/Pods-WebLinkApp.release.xcconfig"; sourceTree = "<group>"; };
		44CE4284C0B034C494AEDF2A /* Pods-WebLinkApp-WebLinkAppUITests.debug.xcconfig */ = {isa = PBXFileReference; includeInIndex = 1; lastKnownFileType = text.xcconfig; name = "Pods-WebLinkApp-WebLinkAppUITests.debug.xcconfig"; path = "Target Support Files/Pods-WebLinkApp-WebLinkAppUITests/Pods-WebLinkApp-WebLinkAppUITests.debug.xcconfig"; sourceTree = "<group>"; };
		660CCD412985232C00093B41 /* FirstThemeViewController.swift */ = {isa = PBXFileReference; lastKnownFileType = sourcecode.swift; path = FirstThemeViewController.swift; sourceTree = "<group>"; };
		660CCD432985C32200093B41 /* SprashViewController.swift */ = {isa = PBXFileReference; lastKnownFileType = sourcecode.swift; path = SprashViewController.swift; sourceTree = "<group>"; };
		662138FC29840CFD00000959 /* WebLinkApp.app */ = {isa = PBXFileReference; explicitFileType = wrapper.application; includeInIndex = 0; path = WebLinkApp.app; sourceTree = BUILT_PRODUCTS_DIR; };
		662138FF29840CFD00000959 /* AppDelegate.swift */ = {isa = PBXFileReference; lastKnownFileType = sourcecode.swift; path = AppDelegate.swift; sourceTree = "<group>"; };
		6621390129840CFD00000959 /* SceneDelegate.swift */ = {isa = PBXFileReference; lastKnownFileType = sourcecode.swift; path = SceneDelegate.swift; sourceTree = "<group>"; };
		6621390329840CFD00000959 /* ViewController.swift */ = {isa = PBXFileReference; lastKnownFileType = sourcecode.swift; path = ViewController.swift; sourceTree = "<group>"; };
		6621390629840CFD00000959 /* Base */ = {isa = PBXFileReference; lastKnownFileType = file.storyboard; name = Base; path = Base.lproj/Main.storyboard; sourceTree = "<group>"; };
		6621390829840CFE00000959 /* Assets.xcassets */ = {isa = PBXFileReference; lastKnownFileType = folder.assetcatalog; path = Assets.xcassets; sourceTree = "<group>"; };
		6621390B29840CFE00000959 /* Base */ = {isa = PBXFileReference; lastKnownFileType = file.storyboard; name = Base; path = Base.lproj/LaunchScreen.storyboard; sourceTree = "<group>"; };
		6621390D29840CFE00000959 /* Info.plist */ = {isa = PBXFileReference; lastKnownFileType = text.plist.xml; path = Info.plist; sourceTree = "<group>"; };
		6621391229840CFE00000959 /* WebLinkAppTests.xctest */ = {isa = PBXFileReference; explicitFileType = wrapper.cfbundle; includeInIndex = 0; path = WebLinkAppTests.xctest; sourceTree = BUILT_PRODUCTS_DIR; };
		6621391629840CFE00000959 /* WebLinkAppTests.swift */ = {isa = PBXFileReference; lastKnownFileType = sourcecode.swift; path = WebLinkAppTests.swift; sourceTree = "<group>"; };
		6621391C29840CFE00000959 /* WebLinkAppUITests.xctest */ = {isa = PBXFileReference; explicitFileType = wrapper.cfbundle; includeInIndex = 0; path = WebLinkAppUITests.xctest; sourceTree = BUILT_PRODUCTS_DIR; };
		6621392029840CFE00000959 /* WebLinkAppUITests.swift */ = {isa = PBXFileReference; lastKnownFileType = sourcecode.swift; path = WebLinkAppUITests.swift; sourceTree = "<group>"; };
		6621392229840CFE00000959 /* WebLinkAppUITestsLaunchTests.swift */ = {isa = PBXFileReference; lastKnownFileType = sourcecode.swift; path = WebLinkAppUITestsLaunchTests.swift; sourceTree = "<group>"; };
		6621393029840E8700000959 /* AddViewController.swift */ = {isa = PBXFileReference; lastKnownFileType = sourcecode.swift; path = AddViewController.swift; sourceTree = "<group>"; };
		669BE9832989F67500BFF6FE /* ColorViewController.swift */ = {isa = PBXFileReference; lastKnownFileType = sourcecode.swift; path = ColorViewController.swift; sourceTree = "<group>"; };
		669D682B298421B500B25E32 /* SecondViewController.swift */ = {isa = PBXFileReference; lastKnownFileType = sourcecode.swift; path = SecondViewController.swift; sourceTree = "<group>"; };
		669D682D298421C900B25E32 /* ThirdViewController.swift */ = {isa = PBXFileReference; lastKnownFileType = sourcecode.swift; path = ThirdViewController.swift; sourceTree = "<group>"; };
		669D682F298421E800B25E32 /* FourthViewController.swift */ = {isa = PBXFileReference; lastKnownFileType = sourcecode.swift; path = FourthViewController.swift; sourceTree = "<group>"; };
		669D68312984220200B25E32 /* FifthViewController.swift */ = {isa = PBXFileReference; lastKnownFileType = sourcecode.swift; path = FifthViewController.swift; sourceTree = "<group>"; };
		669D6833298434F600B25E32 /* TabBarViewController.swift */ = {isa = PBXFileReference; lastKnownFileType = sourcecode.swift; path = TabBarViewController.swift; sourceTree = "<group>"; };
		A3E3206C8B9DE07F4D0EE44A /* Pods-WebLinkAppTests.debug.xcconfig */ = {isa = PBXFileReference; includeInIndex = 1; lastKnownFileType = text.xcconfig; name = "Pods-WebLinkAppTests.debug.xcconfig"; path = "Target Support Files/Pods-WebLinkAppTests/Pods-WebLinkAppTests.debug.xcconfig"; sourceTree = "<group>"; };
		B67A0F1D5DD66F9F68B06E46 /* Pods_WebLinkApp.framework */ = {isa = PBXFileReference; explicitFileType = wrapper.framework; includeInIndex = 0; path = Pods_WebLinkApp.framework; sourceTree = BUILT_PRODUCTS_DIR; };
		B9D74C2E5F793C8D2B545181 /* Pods-WebLinkAppTests.release.xcconfig */ = {isa = PBXFileReference; includeInIndex = 1; lastKnownFileType = text.xcconfig; name = "Pods-WebLinkAppTests.release.xcconfig"; path = "Target Support Files/Pods-WebLinkAppTests/Pods-WebLinkAppTests.release.xcconfig"; sourceTree = "<group>"; };
		E021CDB9FF0F159686E780DE /* Pods-WebLinkApp.debug.xcconfig */ = {isa = PBXFileReference; includeInIndex = 1; lastKnownFileType = text.xcconfig; name = "Pods-WebLinkApp.debug.xcconfig"; path = "Target Support Files/Pods-WebLinkApp/Pods-WebLinkApp.debug.xcconfig"; sourceTree = "<group>"; };
		EB19819A645191F1FB8D453D /* Pods-WebLinkApp-WebLinkAppUITests.release.xcconfig */ = {isa = PBXFileReference; includeInIndex = 1; lastKnownFileType = text.xcconfig; name = "Pods-WebLinkApp-WebLinkAppUITests.release.xcconfig"; path = "Target Support Files/Pods-WebLinkApp-WebLinkAppUITests/Pods-WebLinkApp-WebLinkAppUITests.release.xcconfig"; sourceTree = "<group>"; };
		F755E9739B773524E389B42B /* Pods_WebLinkApp_WebLinkAppUITests.framework */ = {isa = PBXFileReference; explicitFileType = wrapper.framework; includeInIndex = 0; path = Pods_WebLinkApp_WebLinkAppUITests.framework; sourceTree = BUILT_PRODUCTS_DIR; };
/* End PBXFileReference section */

/* Begin PBXFrameworksBuildPhase section */
		662138F929840CFD00000959 /* Frameworks */ = {
			isa = PBXFrameworksBuildPhase;
			buildActionMask = 2147483647;
			files = (
				6C96EBAC8D188A74927009FC /* Pods_WebLinkApp.framework in Frameworks */,
			);
			runOnlyForDeploymentPostprocessing = 0;
		};
		6621390F29840CFE00000959 /* Frameworks */ = {
			isa = PBXFrameworksBuildPhase;
			buildActionMask = 2147483647;
			files = (
				D4D4E5F296BE4BD19F28FF89 /* Pods_WebLinkAppTests.framework in Frameworks */,
			);
			runOnlyForDeploymentPostprocessing = 0;
		};
		6621391929840CFE00000959 /* Frameworks */ = {
			isa = PBXFrameworksBuildPhase;
			buildActionMask = 2147483647;
			files = (
				4A9E2A670AFDFB62582833D7 /* Pods_WebLinkApp_WebLinkAppUITests.framework in Frameworks */,
			);
			runOnlyForDeploymentPostprocessing = 0;
		};
/* End PBXFrameworksBuildPhase section */

/* Begin PBXGroup section */
		0A8A8F34BDF14A0A2DD30813 /* Pods */ = {
			isa = PBXGroup;
			children = (
				E021CDB9FF0F159686E780DE /* Pods-WebLinkApp.debug.xcconfig */,
				2E90D230080278E5FCE4A3EB /* Pods-WebLinkApp.release.xcconfig */,
				44CE4284C0B034C494AEDF2A /* Pods-WebLinkApp-WebLinkAppUITests.debug.xcconfig */,
				EB19819A645191F1FB8D453D /* Pods-WebLinkApp-WebLinkAppUITests.release.xcconfig */,
				A3E3206C8B9DE07F4D0EE44A /* Pods-WebLinkAppTests.debug.xcconfig */,
				B9D74C2E5F793C8D2B545181 /* Pods-WebLinkAppTests.release.xcconfig */,
			);
			path = Pods;
			sourceTree = "<group>";
		};
		660CCD40298522DA00093B41 /* ThemeController */ = {
			isa = PBXGroup;
			children = (
				660CCD412985232C00093B41 /* FirstThemeViewController.swift */,
				669BE9832989F67500BFF6FE /* ColorViewController.swift */,
			);
			path = ThemeController;
			sourceTree = "<group>";
		};
		662138F329840CFD00000959 = {
			isa = PBXGroup;
			children = (
				662138FE29840CFD00000959 /* WebLinkApp */,
				6621391529840CFE00000959 /* WebLinkAppTests */,
				6621391F29840CFE00000959 /* WebLinkAppUITests */,
				662138FD29840CFD00000959 /* Products */,
				0A8A8F34BDF14A0A2DD30813 /* Pods */,
				A47ACA55FC7E479D9527ABD9 /* Frameworks */,
			);
			sourceTree = "<group>";
		};
		662138FD29840CFD00000959 /* Products */ = {
			isa = PBXGroup;
			children = (
				662138FC29840CFD00000959 /* WebLinkApp.app */,
				6621391229840CFE00000959 /* WebLinkAppTests.xctest */,
				6621391C29840CFE00000959 /* WebLinkAppUITests.xctest */,
			);
			name = Products;
			sourceTree = "<group>";
		};
		662138FE29840CFD00000959 /* WebLinkApp */ = {
			isa = PBXGroup;
			children = (
				662138FF29840CFD00000959 /* AppDelegate.swift */,
				6621390129840CFD00000959 /* SceneDelegate.swift */,
				6621392F29840E5F00000959 /* Controller */,
				6621390529840CFD00000959 /* Main.storyboard */,
				6621390829840CFE00000959 /* Assets.xcassets */,
				6621390A29840CFE00000959 /* LaunchScreen.storyboard */,
				6621390D29840CFE00000959 /* Info.plist */,
			);
			path = WebLinkApp;
			sourceTree = "<group>";
		};
		6621391529840CFE00000959 /* WebLinkAppTests */ = {
			isa = PBXGroup;
			children = (
				6621391629840CFE00000959 /* WebLinkAppTests.swift */,
			);
			path = WebLinkAppTests;
			sourceTree = "<group>";
		};
		6621391F29840CFE00000959 /* WebLinkAppUITests */ = {
			isa = PBXGroup;
			children = (
				6621392029840CFE00000959 /* WebLinkAppUITests.swift */,
				6621392229840CFE00000959 /* WebLinkAppUITestsLaunchTests.swift */,
			);
			path = WebLinkAppUITests;
			sourceTree = "<group>";
		};
		6621392F29840E5F00000959 /* Controller */ = {
			isa = PBXGroup;
			children = (
				6621390329840CFD00000959 /* ViewController.swift */,
				669D682B298421B500B25E32 /* SecondViewController.swift */,
				669D682D298421C900B25E32 /* ThirdViewController.swift */,
				669D682F298421E800B25E32 /* FourthViewController.swift */,
				669D68312984220200B25E32 /* FifthViewController.swift */,
				6621393029840E8700000959 /* AddViewController.swift */,
				669D6833298434F600B25E32 /* TabBarViewController.swift */,
				660CCD40298522DA00093B41 /* ThemeController */,
				660CCD432985C32200093B41 /* SprashViewController.swift */,
			);
			path = Controller;
			sourceTree = "<group>";
		};
		A47ACA55FC7E479D9527ABD9 /* Frameworks */ = {
			isa = PBXGroup;
			children = (
				B67A0F1D5DD66F9F68B06E46 /* Pods_WebLinkApp.framework */,
				F755E9739B773524E389B42B /* Pods_WebLinkApp_WebLinkAppUITests.framework */,
				268BB55EBCF04ADEBEA3211A /* Pods_WebLinkAppTests.framework */,
			);
			name = Frameworks;
			sourceTree = "<group>";
		};
/* End PBXGroup section */

/* Begin PBXNativeTarget section */
		662138FB29840CFD00000959 /* WebLinkApp */ = {
			isa = PBXNativeTarget;
			buildConfigurationList = 6621392629840CFE00000959 /* Build configuration list for PBXNativeTarget "WebLinkApp" */;
			buildPhases = (
				F392C69520DCB0AE72EBF069 /* [CP] Check Pods Manifest.lock */,
				662138F829840CFD00000959 /* Sources */,
				662138F929840CFD00000959 /* Frameworks */,
				662138FA29840CFD00000959 /* Resources */,
				EC25557D4DDA20DC2114AC11 /* [CP] Embed Pods Frameworks */,
			);
			buildRules = (
			);
			dependencies = (
			);
			name = WebLinkApp;
			productName = WebLinkApp;
			productReference = 662138FC29840CFD00000959 /* WebLinkApp.app */;
			productType = "com.apple.product-type.application";
		};
		6621391129840CFE00000959 /* WebLinkAppTests */ = {
			isa = PBXNativeTarget;
			buildConfigurationList = 6621392929840CFE00000959 /* Build configuration list for PBXNativeTarget "WebLinkAppTests" */;
			buildPhases = (
				711CCBBF92B49E4374E8D87B /* [CP] Check Pods Manifest.lock */,
				6621390E29840CFE00000959 /* Sources */,
				6621390F29840CFE00000959 /* Frameworks */,
				6621391029840CFE00000959 /* Resources */,
			);
			buildRules = (
			);
			dependencies = (
				6621391429840CFE00000959 /* PBXTargetDependency */,
			);
			name = WebLinkAppTests;
			productName = WebLinkAppTests;
			productReference = 6621391229840CFE00000959 /* WebLinkAppTests.xctest */;
			productType = "com.apple.product-type.bundle.unit-test";
		};
		6621391B29840CFE00000959 /* WebLinkAppUITests */ = {
			isa = PBXNativeTarget;
			buildConfigurationList = 6621392C29840CFE00000959 /* Build configuration list for PBXNativeTarget "WebLinkAppUITests" */;
			buildPhases = (
				906DC304CBEE9954ED02865A /* [CP] Check Pods Manifest.lock */,
				6621391829840CFE00000959 /* Sources */,
				6621391929840CFE00000959 /* Frameworks */,
				6621391A29840CFE00000959 /* Resources */,
				F599D0D695E70D0646F3ABF8 /* [CP] Embed Pods Frameworks */,
			);
			buildRules = (
			);
			dependencies = (
				6621391E29840CFE00000959 /* PBXTargetDependency */,
			);
			name = WebLinkAppUITests;
			productName = WebLinkAppUITests;
			productReference = 6621391C29840CFE00000959 /* WebLinkAppUITests.xctest */;
			productType = "com.apple.product-type.bundle.ui-testing";
		};
/* End PBXNativeTarget section */

/* Begin PBXProject section */
		662138F429840CFD00000959 /* Project object */ = {
			isa = PBXProject;
			attributes = {
				BuildIndependentTargetsInParallel = 1;
				LastSwiftUpdateCheck = 1410;
				LastUpgradeCheck = 1410;
				TargetAttributes = {
					662138FB29840CFD00000959 = {
						CreatedOnToolsVersion = 14.1;
					};
					6621391129840CFE00000959 = {
						CreatedOnToolsVersion = 14.1;
						TestTargetID = 662138FB29840CFD00000959;
					};
					6621391B29840CFE00000959 = {
						CreatedOnToolsVersion = 14.1;
						TestTargetID = 662138FB29840CFD00000959;
					};
				};
			};
			buildConfigurationList = 662138F729840CFD00000959 /* Build configuration list for PBXProject "WebLinkApp" */;
			compatibilityVersion = "Xcode 14.0";
			developmentRegion = en;
			hasScannedForEncodings = 0;
			knownRegions = (
				en,
				Base,
			);
			mainGroup = 662138F329840CFD00000959;
			productRefGroup = 662138FD29840CFD00000959 /* Products */;
			projectDirPath = "";
			projectRoot = "";
			targets = (
				662138FB29840CFD00000959 /* WebLinkApp */,
				6621391129840CFE00000959 /* WebLinkAppTests */,
				6621391B29840CFE00000959 /* WebLinkAppUITests */,
			);
		};
/* End PBXProject section */

/* Begin PBXResourcesBuildPhase section */
		662138FA29840CFD00000959 /* Resources */ = {
			isa = PBXResourcesBuildPhase;
			buildActionMask = 2147483647;
			files = (
				6621390C29840CFE00000959 /* LaunchScreen.storyboard in Resources */,
				6621390929840CFE00000959 /* Assets.xcassets in Resources */,
				6621390729840CFD00000959 /* Main.storyboard in Resources */,
			);
			runOnlyForDeploymentPostprocessing = 0;
		};
		6621391029840CFE00000959 /* Resources */ = {
			isa = PBXResourcesBuildPhase;
			buildActionMask = 2147483647;
			files = (
			);
			runOnlyForDeploymentPostprocessing = 0;
		};
		6621391A29840CFE00000959 /* Resources */ = {
			isa = PBXResourcesBuildPhase;
			buildActionMask = 2147483647;
			files = (
			);
			runOnlyForDeploymentPostprocessing = 0;
		};
/* End PBXResourcesBuildPhase section */

/* Begin PBXShellScriptBuildPhase section */
		711CCBBF92B49E4374E8D87B /* [CP] Check Pods Manifest.lock */ = {
			isa = PBXShellScriptBuildPhase;
			buildActionMask = 2147483647;
			files = (
			);
			inputFileListPaths = (
			);
			inputPaths = (
				"${PODS_PODFILE_DIR_PATH}/Podfile.lock",
				"${PODS_ROOT}/Manifest.lock",
			);
			name = "[CP] Check Pods Manifest.lock";
			outputFileListPaths = (
			);
			outputPaths = (
				"$(DERIVED_FILE_DIR)/Pods-WebLinkAppTests-checkManifestLockResult.txt",
			);
			runOnlyForDeploymentPostprocessing = 0;
			shellPath = /bin/sh;
			shellScript = "diff \"${PODS_PODFILE_DIR_PATH}/Podfile.lock\" \"${PODS_ROOT}/Manifest.lock\" > /dev/null\nif [ $? != 0 ] ; then\n    # print error to STDERR\n    echo \"error: The sandbox is not in sync with the Podfile.lock. Run 'pod install' or update your CocoaPods installation.\" >&2\n    exit 1\nfi\n# This output is used by Xcode 'outputs' to avoid re-running this script phase.\necho \"SUCCESS\" > \"${SCRIPT_OUTPUT_FILE_0}\"\n";
			showEnvVarsInLog = 0;
		};
		906DC304CBEE9954ED02865A /* [CP] Check Pods Manifest.lock */ = {
			isa = PBXShellScriptBuildPhase;
			buildActionMask = 2147483647;
			files = (
			);
			inputFileListPaths = (
			);
			inputPaths = (
				"${PODS_PODFILE_DIR_PATH}/Podfile.lock",
				"${PODS_ROOT}/Manifest.lock",
			);
			name = "[CP] Check Pods Manifest.lock";
			outputFileListPaths = (
			);
			outputPaths = (
				"$(DERIVED_FILE_DIR)/Pods-WebLinkApp-WebLinkAppUITests-checkManifestLockResult.txt",
			);
			runOnlyForDeploymentPostprocessing = 0;
			shellPath = /bin/sh;
			shellScript = "diff \"${PODS_PODFILE_DIR_PATH}/Podfile.lock\" \"${PODS_ROOT}/Manifest.lock\" > /dev/null\nif [ $? != 0 ] ; then\n    # print error to STDERR\n    echo \"error: The sandbox is not in sync with the Podfile.lock. Run 'pod install' or update your CocoaPods installation.\" >&2\n    exit 1\nfi\n# This output is used by Xcode 'outputs' to avoid re-running this script phase.\necho \"SUCCESS\" > \"${SCRIPT_OUTPUT_FILE_0}\"\n";
			showEnvVarsInLog = 0;
		};
		EC25557D4DDA20DC2114AC11 /* [CP] Embed Pods Frameworks */ = {
			isa = PBXShellScriptBuildPhase;
			buildActionMask = 2147483647;
			files = (
			);
			inputFileListPaths = (
				"${PODS_ROOT}/Target Support Files/Pods-WebLinkApp/Pods-WebLinkApp-frameworks-${CONFIGURATION}-input-files.xcfilelist",
			);
			name = "[CP] Embed Pods Frameworks";
			outputFileListPaths = (
				"${PODS_ROOT}/Target Support Files/Pods-WebLinkApp/Pods-WebLinkApp-frameworks-${CONFIGURATION}-output-files.xcfilelist",
			);
			runOnlyForDeploymentPostprocessing = 0;
			shellPath = /bin/sh;
			shellScript = "\"${PODS_ROOT}/Target Support Files/Pods-WebLinkApp/Pods-WebLinkApp-frameworks.sh\"\n";
			showEnvVarsInLog = 0;
		};
		F392C69520DCB0AE72EBF069 /* [CP] Check Pods Manifest.lock */ = {
			isa = PBXShellScriptBuildPhase;
			buildActionMask = 2147483647;
			files = (
			);
			inputFileListPaths = (
			);
			inputPaths = (
				"${PODS_PODFILE_DIR_PATH}/Podfile.lock",
				"${PODS_ROOT}/Manifest.lock",
			);
			name = "[CP] Check Pods Manifest.lock";
			outputFileListPaths = (
			);
			outputPaths = (
				"$(DERIVED_FILE_DIR)/Pods-WebLinkApp-checkManifestLockResult.txt",
			);
			runOnlyForDeploymentPostprocessing = 0;
			shellPath = /bin/sh;
			shellScript = "diff \"${PODS_PODFILE_DIR_PATH}/Podfile.lock\" \"${PODS_ROOT}/Manifest.lock\" > /dev/null\nif [ $? != 0 ] ; then\n    # print error to STDERR\n    echo \"error: The sandbox is not in sync with the Podfile.lock. Run 'pod install' or update your CocoaPods installation.\" >&2\n    exit 1\nfi\n# This output is used by Xcode 'outputs' to avoid re-running this script phase.\necho \"SUCCESS\" > \"${SCRIPT_OUTPUT_FILE_0}\"\n";
			showEnvVarsInLog = 0;
		};
		F599D0D695E70D0646F3ABF8 /* [CP] Embed Pods Frameworks */ = {
			isa = PBXShellScriptBuildPhase;
			buildActionMask = 2147483647;
			files = (
			);
			inputFileListPaths = (
				"${PODS_ROOT}/Target Support Files/Pods-WebLinkApp-WebLinkAppUITests/Pods-WebLinkApp-WebLinkAppUITests-frameworks-${CONFIGURATION}-input-files.xcfilelist",
			);
			name = "[CP] Embed Pods Frameworks";
			outputFileListPaths = (
				"${PODS_ROOT}/Target Support Files/Pods-WebLinkApp-WebLinkAppUITests/Pods-WebLinkApp-WebLinkAppUITests-frameworks-${CONFIGURATION}-output-files.xcfilelist",
			);
			runOnlyForDeploymentPostprocessing = 0;
			shellPath = /bin/sh;
			shellScript = "\"${PODS_ROOT}/Target Support Files/Pods-WebLinkApp-WebLinkAppUITests/Pods-WebLinkApp-WebLinkAppUITests-frameworks.sh\"\n";
			showEnvVarsInLog = 0;
		};
/* End PBXShellScriptBuildPhase section */

/* Begin PBXSourcesBuildPhase section */
		662138F829840CFD00000959 /* Sources */ = {
			isa = PBXSourcesBuildPhase;
			buildActionMask = 2147483647;
			files = (
				6621390429840CFD00000959 /* ViewController.swift in Sources */,
				660CCD422985232C00093B41 /* FirstThemeViewController.swift in Sources */,
				6621390029840CFD00000959 /* AppDelegate.swift in Sources */,
				6621393129840E8700000959 /* AddViewController.swift in Sources */,
				669D6830298421E800B25E32 /* FourthViewController.swift in Sources */,
				669D6834298434F600B25E32 /* TabBarViewController.swift in Sources */,
				669D68322984220200B25E32 /* FifthViewController.swift in Sources */,
				669D682C298421B500B25E32 /* SecondViewController.swift in Sources */,
				669D682E298421C900B25E32 /* ThirdViewController.swift in Sources */,
				660CCD442985C32200093B41 /* SprashViewController.swift in Sources */,
				669BE9842989F67600BFF6FE /* ColorViewController.swift in Sources */,
				6621390229840CFD00000959 /* SceneDelegate.swift in Sources */,
			);
			runOnlyForDeploymentPostprocessing = 0;
		};
		6621390E29840CFE00000959 /* Sources */ = {
			isa = PBXSourcesBuildPhase;
			buildActionMask = 2147483647;
			files = (
				6621391729840CFE00000959 /* WebLinkAppTests.swift in Sources */,
			);
			runOnlyForDeploymentPostprocessing = 0;
		};
		6621391829840CFE00000959 /* Sources */ = {
			isa = PBXSourcesBuildPhase;
			buildActionMask = 2147483647;
			files = (
				6621392129840CFE00000959 /* WebLinkAppUITests.swift in Sources */,
				6621392329840CFE00000959 /* WebLinkAppUITestsLaunchTests.swift in Sources */,
			);
			runOnlyForDeploymentPostprocessing = 0;
		};
/* End PBXSourcesBuildPhase section */

/* Begin PBXTargetDependency section */
		6621391429840CFE00000959 /* PBXTargetDependency */ = {
			isa = PBXTargetDependency;
			target = 662138FB29840CFD00000959 /* WebLinkApp */;
			targetProxy = 6621391329840CFE00000959 /* PBXContainerItemProxy */;
		};
		6621391E29840CFE00000959 /* PBXTargetDependency */ = {
			isa = PBXTargetDependency;
			target = 662138FB29840CFD00000959 /* WebLinkApp */;
			targetProxy = 6621391D29840CFE00000959 /* PBXContainerItemProxy */;
		};
/* End PBXTargetDependency section */

/* Begin PBXVariantGroup section */
		6621390529840CFD00000959 /* Main.storyboard */ = {
			isa = PBXVariantGroup;
			children = (
				6621390629840CFD00000959 /* Base */,
			);
			name = Main.storyboard;
			sourceTree = "<group>";
		};
		6621390A29840CFE00000959 /* LaunchScreen.storyboard */ = {
			isa = PBXVariantGroup;
			children = (
				6621390B29840CFE00000959 /* Base */,
			);
			name = LaunchScreen.storyboard;
			sourceTree = "<group>";
		};
/* End PBXVariantGroup section */

/* Begin XCBuildConfiguration section */
		6621392429840CFE00000959 /* Debug */ = {
			isa = XCBuildConfiguration;
			buildSettings = {
				ALWAYS_SEARCH_USER_PATHS = NO;
				CLANG_ANALYZER_NONNULL = YES;
				CLANG_ANALYZER_NUMBER_OBJECT_CONVERSION = YES_AGGRESSIVE;
				CLANG_CXX_LANGUAGE_STANDARD = "gnu++20";
				CLANG_ENABLE_MODULES = YES;
				CLANG_ENABLE_OBJC_ARC = YES;
				CLANG_ENABLE_OBJC_WEAK = YES;
				CLANG_WARN_BLOCK_CAPTURE_AUTORELEASING = YES;
				CLANG_WARN_BOOL_CONVERSION = YES;
				CLANG_WARN_COMMA = YES;
				CLANG_WARN_CONSTANT_CONVERSION = YES;
				CLANG_WARN_DEPRECATED_OBJC_IMPLEMENTATIONS = YES;
				CLANG_WARN_DIRECT_OBJC_ISA_USAGE = YES_ERROR;
				CLANG_WARN_DOCUMENTATION_COMMENTS = YES;
				CLANG_WARN_EMPTY_BODY = YES;
				CLANG_WARN_ENUM_CONVERSION = YES;
				CLANG_WARN_INFINITE_RECURSION = YES;
				CLANG_WARN_INT_CONVERSION = YES;
				CLANG_WARN_NON_LITERAL_NULL_CONVERSION = YES;
				CLANG_WARN_OBJC_IMPLICIT_RETAIN_SELF = YES;
				CLANG_WARN_OBJC_LITERAL_CONVERSION = YES;
				CLANG_WARN_OBJC_ROOT_CLASS = YES_ERROR;
				CLANG_WARN_QUOTED_INCLUDE_IN_FRAMEWORK_HEADER = YES;
				CLANG_WARN_RANGE_LOOP_ANALYSIS = YES;
				CLANG_WARN_STRICT_PROTOTYPES = YES;
				CLANG_WARN_SUSPICIOUS_MOVE = YES;
				CLANG_WARN_UNGUARDED_AVAILABILITY = YES_AGGRESSIVE;
				CLANG_WARN_UNREACHABLE_CODE = YES;
				CLANG_WARN__DUPLICATE_METHOD_MATCH = YES;
				COPY_PHASE_STRIP = NO;
				DEBUG_INFORMATION_FORMAT = dwarf;
				ENABLE_STRICT_OBJC_MSGSEND = YES;
				ENABLE_TESTABILITY = YES;
				GCC_C_LANGUAGE_STANDARD = gnu11;
				GCC_DYNAMIC_NO_PIC = NO;
				GCC_NO_COMMON_BLOCKS = YES;
				GCC_OPTIMIZATION_LEVEL = 0;
				GCC_PREPROCESSOR_DEFINITIONS = (
					"DEBUG=1",
					"$(inherited)",
				);
				GCC_WARN_64_TO_32_BIT_CONVERSION = YES;
				GCC_WARN_ABOUT_RETURN_TYPE = YES_ERROR;
				GCC_WARN_UNDECLARED_SELECTOR = YES;
				GCC_WARN_UNINITIALIZED_AUTOS = YES_AGGRESSIVE;
				GCC_WARN_UNUSED_FUNCTION = YES;
				GCC_WARN_UNUSED_VARIABLE = YES;
				IPHONEOS_DEPLOYMENT_TARGET = 16.1;
				MTL_ENABLE_DEBUG_INFO = INCLUDE_SOURCE;
				MTL_FAST_MATH = YES;
				ONLY_ACTIVE_ARCH = YES;
				SDKROOT = iphoneos;
				SWIFT_ACTIVE_COMPILATION_CONDITIONS = DEBUG;
				SWIFT_OPTIMIZATION_LEVEL = "-Onone";
			};
			name = Debug;
		};
		6621392529840CFE00000959 /* Release */ = {
			isa = XCBuildConfiguration;
			buildSettings = {
				ALWAYS_SEARCH_USER_PATHS = NO;
				CLANG_ANALYZER_NONNULL = YES;
				CLANG_ANALYZER_NUMBER_OBJECT_CONVERSION = YES_AGGRESSIVE;
				CLANG_CXX_LANGUAGE_STANDARD = "gnu++20";
				CLANG_ENABLE_MODULES = YES;
				CLANG_ENABLE_OBJC_ARC = YES;
				CLANG_ENABLE_OBJC_WEAK = YES;
				CLANG_WARN_BLOCK_CAPTURE_AUTORELEASING = YES;
				CLANG_WARN_BOOL_CONVERSION = YES;
				CLANG_WARN_COMMA = YES;
				CLANG_WARN_CONSTANT_CONVERSION = YES;
				CLANG_WARN_DEPRECATED_OBJC_IMPLEMENTATIONS = YES;
				CLANG_WARN_DIRECT_OBJC_ISA_USAGE = YES_ERROR;
				CLANG_WARN_DOCUMENTATION_COMMENTS = YES;
				CLANG_WARN_EMPTY_BODY = YES;
				CLANG_WARN_ENUM_CONVERSION = YES;
				CLANG_WARN_INFINITE_RECURSION = YES;
				CLANG_WARN_INT_CONVERSION = YES;
				CLANG_WARN_NON_LITERAL_NULL_CONVERSION = YES;
				CLANG_WARN_OBJC_IMPLICIT_RETAIN_SELF = YES;
				CLANG_WARN_OBJC_LITERAL_CONVERSION = YES;
				CLANG_WARN_OBJC_ROOT_CLASS = YES_ERROR;
				CLANG_WARN_QUOTED_INCLUDE_IN_FRAMEWORK_HEADER = YES;
				CLANG_WARN_RANGE_LOOP_ANALYSIS = YES;
				CLANG_WARN_STRICT_PROTOTYPES = YES;
				CLANG_WARN_SUSPICIOUS_MOVE = YES;
				CLANG_WARN_UNGUARDED_AVAILABILITY = YES_AGGRESSIVE;
				CLANG_WARN_UNREACHABLE_CODE = YES;
				CLANG_WARN__DUPLICATE_METHOD_MATCH = YES;
				COPY_PHASE_STRIP = NO;
				DEBUG_INFORMATION_FORMAT = "dwarf-with-dsym";
				ENABLE_NS_ASSERTIONS = NO;
				ENABLE_STRICT_OBJC_MSGSEND = YES;
				GCC_C_LANGUAGE_STANDARD = gnu11;
				GCC_NO_COMMON_BLOCKS = YES;
				GCC_WARN_64_TO_32_BIT_CONVERSION = YES;
				GCC_WARN_ABOUT_RETURN_TYPE = YES_ERROR;
				GCC_WARN_UNDECLARED_SELECTOR = YES;
				GCC_WARN_UNINITIALIZED_AUTOS = YES_AGGRESSIVE;
				GCC_WARN_UNUSED_FUNCTION = YES;
				GCC_WARN_UNUSED_VARIABLE = YES;
				IPHONEOS_DEPLOYMENT_TARGET = 16.1;
				MTL_ENABLE_DEBUG_INFO = NO;
				MTL_FAST_MATH = YES;
				SDKROOT = iphoneos;
				SWIFT_COMPILATION_MODE = wholemodule;
				SWIFT_OPTIMIZATION_LEVEL = "-O";
				VALIDATE_PRODUCT = YES;
			};
			name = Release;
		};
		6621392729840CFE00000959 /* Debug */ = {
			isa = XCBuildConfiguration;
			baseConfigurationReference = E021CDB9FF0F159686E780DE /* Pods-WebLinkApp.debug.xcconfig */;
			buildSettings = {
				ASSETCATALOG_COMPILER_APPICON_NAME = AppIcon;
				ASSETCATALOG_COMPILER_GLOBAL_ACCENT_COLOR_NAME = AccentColor;
				CODE_SIGN_STYLE = Automatic;
				CURRENT_PROJECT_VERSION = 1;
				DEVELOPMENT_TEAM = 7SYY94KXT2;
				GENERATE_INFOPLIST_FILE = YES;
				INFOPLIST_FILE = WebLinkApp/Info.plist;
				INFOPLIST_KEY_CFBundleDisplayName = iPage;
				INFOPLIST_KEY_UIApplicationSupportsIndirectInputEvents = YES;
				INFOPLIST_KEY_UILaunchStoryboardName = LaunchScreen.storyboard;
				INFOPLIST_KEY_UIMainStoryboardFile = Main;
				INFOPLIST_KEY_UISupportedInterfaceOrientations = UIInterfaceOrientationPortrait;
				INFOPLIST_KEY_UISupportedInterfaceOrientations_iPad = "UIInterfaceOrientationLandscapeLeft UIInterfaceOrientationLandscapeRight UIInterfaceOrientationPortrait UIInterfaceOrientationPortraitUpsideDown";
				IPHONEOS_DEPLOYMENT_TARGET = 15.0;
				LD_RUNPATH_SEARCH_PATHS = (
					"$(inherited)",
					"@executable_path/Frameworks",
				);
				MARKETING_VERSION = 1.1.0;
				PRODUCT_BUNDLE_IDENTIFIER = com.masataka.iPageApp;
				PRODUCT_NAME = "$(TARGET_NAME)";
				SUPPORTED_PLATFORMS = "iphoneos iphonesimulator";
				SUPPORTS_MACCATALYST = NO;
				SUPPORTS_MAC_DESIGNED_FOR_IPHONE_IPAD = NO;
				SWIFT_EMIT_LOC_STRINGS = YES;
				SWIFT_VERSION = 5.0;
				TARGETED_DEVICE_FAMILY = 1;
			};
			name = Debug;
		};
		6621392829840CFE00000959 /* Release */ = {
			isa = XCBuildConfiguration;
			baseConfigurationReference = 2E90D230080278E5FCE4A3EB /* Pods-WebLinkApp.release.xcconfig */;
			buildSettings = {
				ASSETCATALOG_COMPILER_APPICON_NAME = AppIcon;
				ASSETCATALOG_COMPILER_GLOBAL_ACCENT_COLOR_NAME = AccentColor;
				CODE_SIGN_STYLE = Automatic;
				CURRENT_PROJECT_VERSION = 1;
				DEVELOPMENT_TEAM = 7SYY94KXT2;
				GENERATE_INFOPLIST_FILE = YES;
				INFOPLIST_FILE = WebLinkApp/Info.plist;
				INFOPLIST_KEY_CFBundleDisplayName = iPage;
				INFOPLIST_KEY_UIApplicationSupportsIndirectInputEvents = YES;
				INFOPLIST_KEY_UILaunchStoryboardName = LaunchScreen.storyboard;
				INFOPLIST_KEY_UIMainStoryboardFile = Main;
				INFOPLIST_KEY_UISupportedInterfaceOrientations = UIInterfaceOrientationPortrait;
				INFOPLIST_KEY_UISupportedInterfaceOrientations_iPad = "UIInterfaceOrientationLandscapeLeft UIInterfaceOrientationLandscapeRight UIInterfaceOrientationPortrait UIInterfaceOrientationPortraitUpsideDown";
				IPHONEOS_DEPLOYMENT_TARGET = 15.0;
				LD_RUNPATH_SEARCH_PATHS = (
					"$(inherited)",
					"@executable_path/Frameworks",
				);
				MARKETING_VERSION = 1.1.0;
				PRODUCT_BUNDLE_IDENTIFIER = com.masataka.iPageApp;
				PRODUCT_NAME = "$(TARGET_NAME)";
				SUPPORTED_PLATFORMS = "iphoneos iphonesimulator";
				SUPPORTS_MACCATALYST = NO;
				SUPPORTS_MAC_DESIGNED_FOR_IPHONE_IPAD = NO;
				SWIFT_EMIT_LOC_STRINGS = YES;
				SWIFT_VERSION = 5.0;
				TARGETED_DEVICE_FAMILY = 1;
			};
			name = Release;
		};
		6621392A29840CFE00000959 /* Debug */ = {
			isa = XCBuildConfiguration;
			baseConfigurationReference = A3E3206C8B9DE07F4D0EE44A /* Pods-WebLinkAppTests.debug.xcconfig */;
			buildSettings = {
				ALWAYS_EMBED_SWIFT_STANDARD_LIBRARIES = YES;
				BUNDLE_LOADER = "$(TEST_HOST)";
				CODE_SIGN_STYLE = Automatic;
				CURRENT_PROJECT_VERSION = 1;
				DEVELOPMENT_TEAM = 7SYY94KXT2;
				GENERATE_INFOPLIST_FILE = YES;
				IPHONEOS_DEPLOYMENT_TARGET = 16.1;
				MARKETING_VERSION = 1.0;
				PRODUCT_BUNDLE_IDENTIFIER = com.masataka.WebLinkAppTests;
				PRODUCT_NAME = "$(TARGET_NAME)";
				SWIFT_EMIT_LOC_STRINGS = NO;
				SWIFT_VERSION = 5.0;
				TARGETED_DEVICE_FAMILY = "1,2";
				TEST_HOST = "$(BUILT_PRODUCTS_DIR)/WebLinkApp.app/$(BUNDLE_EXECUTABLE_FOLDER_PATH)/WebLinkApp";
			};
			name = Debug;
		};
		6621392B29840CFE00000959 /* Release */ = {
			isa = XCBuildConfiguration;
			baseConfigurationReference = B9D74C2E5F793C8D2B545181 /* Pods-WebLinkAppTests.release.xcconfig */;
			buildSettings = {
				ALWAYS_EMBED_SWIFT_STANDARD_LIBRARIES = YES;
				BUNDLE_LOADER = "$(TEST_HOST)";
				CODE_SIGN_STYLE = Automatic;
				CURRENT_PROJECT_VERSION = 1;
				DEVELOPMENT_TEAM = 7SYY94KXT2;
				GENERATE_INFOPLIST_FILE = YES;
				IPHONEOS_DEPLOYMENT_TARGET = 16.1;
				MARKETING_VERSION = 1.0;
				PRODUCT_BUNDLE_IDENTIFIER = com.masataka.WebLinkAppTests;
				PRODUCT_NAME = "$(TARGET_NAME)";
				SWIFT_EMIT_LOC_STRINGS = NO;
				SWIFT_VERSION = 5.0;
				TARGETED_DEVICE_FAMILY = "1,2";
				TEST_HOST = "$(BUILT_PRODUCTS_DIR)/WebLinkApp.app/$(BUNDLE_EXECUTABLE_FOLDER_PATH)/WebLinkApp";
			};
			name = Release;
		};
		6621392D29840CFE00000959 /* Debug */ = {
			isa = XCBuildConfiguration;
			baseConfigurationReference = 44CE4284C0B034C494AEDF2A /* Pods-WebLinkApp-WebLinkAppUITests.debug.xcconfig */;
			buildSettings = {
				ALWAYS_EMBED_SWIFT_STANDARD_LIBRARIES = YES;
				CODE_SIGN_STYLE = Automatic;
				CURRENT_PROJECT_VERSION = 1;
				DEVELOPMENT_TEAM = 7SYY94KXT2;
				GENERATE_INFOPLIST_FILE = YES;
				MARKETING_VERSION = 1.0;
				PRODUCT_BUNDLE_IDENTIFIER = com.masataka.WebLinkAppUITests;
				PRODUCT_NAME = "$(TARGET_NAME)";
				SWIFT_EMIT_LOC_STRINGS = NO;
				SWIFT_VERSION = 5.0;
				TARGETED_DEVICE_FAMILY = "1,2";
				TEST_TARGET_NAME = WebLinkApp;
			};
			name = Debug;
		};
		6621392E29840CFE00000959 /* Release */ = {
			isa = XCBuildConfiguration;
			baseConfigurationReference = EB19819A645191F1FB8D453D /* Pods-WebLinkApp-WebLinkAppUITests.release.xcconfig */;
			buildSettings = {
				ALWAYS_EMBED_SWIFT_STANDARD_LIBRARIES = YES;
				CODE_SIGN_STYLE = Automatic;
				CURRENT_PROJECT_VERSION = 1;
				DEVELOPMENT_TEAM = 7SYY94KXT2;
				GENERATE_INFOPLIST_FILE = YES;
				MARKETING_VERSION = 1.0;
				PRODUCT_BUNDLE_IDENTIFIER = com.masataka.WebLinkAppUITests;
				PRODUCT_NAME = "$(TARGET_NAME)";
				SWIFT_EMIT_LOC_STRINGS = NO;
				SWIFT_VERSION = 5.0;
				TARGETED_DEVICE_FAMILY = "1,2";
				TEST_TARGET_NAME = WebLinkApp;
			};
			name = Release;
		};
/* End XCBuildConfiguration section */

/* Begin XCConfigurationList section */
		662138F729840CFD00000959 /* Build configuration list for PBXProject "WebLinkApp" */ = {
			isa = XCConfigurationList;
			buildConfigurations = (
				6621392429840CFE00000959 /* Debug */,
				6621392529840CFE00000959 /* Release */,
			);
			defaultConfigurationIsVisible = 0;
			defaultConfigurationName = Release;
		};
		6621392629840CFE00000959 /* Build configuration list for PBXNativeTarget "WebLinkApp" */ = {
			isa = XCConfigurationList;
			buildConfigurations = (
				6621392729840CFE00000959 /* Debug */,
				6621392829840CFE00000959 /* Release */,
			);
			defaultConfigurationIsVisible = 0;
			defaultConfigurationName = Release;
		};
		6621392929840CFE00000959 /* Build configuration list for PBXNativeTarget "WebLinkAppTests" */ = {
			isa = XCConfigurationList;
			buildConfigurations = (
				6621392A29840CFE00000959 /* Debug */,
				6621392B29840CFE00000959 /* Release */,
			);
			defaultConfigurationIsVisible = 0;
			defaultConfigurationName = Release;
		};
		6621392C29840CFE00000959 /* Build configuration list for PBXNativeTarget "WebLinkAppUITests" */ = {
			isa = XCConfigurationList;
			buildConfigurations = (
				6621392D29840CFE00000959 /* Debug */,
				6621392E29840CFE00000959 /* Release */,
			);
			defaultConfigurationIsVisible = 0;
			defaultConfigurationName = Release;
		};
/* End XCConfigurationList section */
	};
	rootObject = 662138F429840CFD00000959 /* Project object */;
}
